
Microsoft Visual Studio Solution File, Format Version 12.00
# Visual Studio Version 16
VisualStudioVersion = 16.0.32002.261
MinimumVisualStudioVersion = 10.0.40219.1
Project("{8BC9CEB8-8B4A-11D0-8D11-00A0C91BC942}") = "Send_HTTP_Req", "Send_HTTP_Req\Send_HTTP_Req.vcxproj", "{7302EE0E-DF32-4AED-B8A1-38C29D51FFAB}"
EndProject
Global
	GlobalSection(SolutionConfigurationPlatforms) = preSolution
		Debug|x64 = Debug|x64
		Debug|x86 = Debug|x86
		Release|x64 = Release|x64
		Release|x86 = Release|x86
	EndGlobalSection
	GlobalSection(ProjectConfigurationPlatforms) = postSolution
		{7302EE0E-DF32-4AED-B8A1-38C29D51FFAB}.Debug|x64.ActiveCfg = Debug|x64
		{7302EE0E-DF32-4AED-B8A1-38C29D51FFAB}.Debug|x64.Build.0 = Debug|x64
		{7302EE0E-DF32-4AED-B8A1-38C29D51FFAB}.Debug|x86.ActiveCfg = Debug|Win32
		{7302EE0E-DF32-4AED-B8A1-38C29D51FFAB}.Debug|x86.Build.0 = Debug|Win32
		{7302EE0E-DF32-4AED-B8A1-38C29D51FFAB}.Release|x64.ActiveCfg = Release|x64
		{7302EE0E-DF32-4AED-B8A1-38C29D51FFAB}.Release|x64.Build.0 = Release|x64
		{7302EE0E-DF32-4AED-B8A1-38C29D51FFAB}.Release|x86.ActiveCfg = Release|Win32
		{7302EE0E-DF32-4AED-B8A1-38C29D51FFAB}.Release|x86.Build.0 = Release|Win32
	EndGlobalSection
	GlobalSection(SolutionProperties) = preSolution
		HideSolutionNode = FALSE
	EndGlobalSection
	GlobalSection(ExtensibilityGlobals) = postSolution
		SolutionGuid = {5F39E683-990E-48AB-9BD1-066FACC66563}
	EndGlobalSection
EndGlobal
